
Microsoft Visual Studio Solution File, Format Version 12.00
# Visual Studio Version 16
VisualStudioVersion = 16.0.29306.81
MinimumVisualStudioVersion = 10.0.40219.1
Project("{FAE04EC0-301F-11D3-BF4B-00C04F79EFBC}") = "T1807E_HelloMVC", "T1807E_HelloMVC.csproj", "{E679B99B-4FA7-45BB-A39A-14465F670FEB}"
EndProject
Global
	GlobalSection(SolutionConfigurationPlatforms) = preSolution
		Debug|Any CPU = Debug|Any CPU
		Release|Any CPU = Release|Any CPU
	EndGlobalSection
	GlobalSection(ProjectConfigurationPlatforms) = postSolution
		{E679B99B-4FA7-45BB-A39A-14465F670FEB}.Debug|Any CPU.ActiveCfg = Debug|Any CPU
		{E679B99B-4FA7-45BB-A39A-14465F670FEB}.Debug|Any CPU.Build.0 = Debug|Any CPU
		{E679B99B-4FA7-45BB-A39A-14465F670FEB}.Release|Any CPU.ActiveCfg = Release|Any CPU
		{E679B99B-4FA7-45BB-A39A-14465F670FEB}.Release|Any CPU.Build.0 = Release|Any CPU
	EndGlobalSection
	GlobalSection(SolutionProperties) = preSolution
		HideSolutionNode = FALSE
	EndGlobalSection
	GlobalSection(ExtensibilityGlobals) = postSolution
		SolutionGuid = {B69C3C18-AEBD-45E3-8B53-B24AAC7CFBEB}
	EndGlobalSection
EndGlobal
